// !$*UTF8*$!
{
	archiveVersion = 1;
	classes = {
	};
	objectVersion = 46;
	objects = {

/* Begin PBXBuildFile section */
		581EA9D3020CFA5B230F18A2 /* Pods_Bartendr.framework in Frameworks */ = {isa = PBXBuildFile; fileRef = CB5F929BA0DEFA6140B442BE /* Pods_Bartendr.framework */; };
		75ACD1FD1C8E097300068E74 /* Keys.plist in Resources */ = {isa = PBXBuildFile; fileRef = 75ACD1FC1C8E097300068E74 /* Keys.plist */; };
		BD206E221C863BBC001A409A /* AppDelegate.swift in Sources */ = {isa = PBXBuildFile; fileRef = BD206E211C863BBC001A409A /* AppDelegate.swift */; };
		BD206E241C863BBC001A409A /* ViewController.swift in Sources */ = {isa = PBXBuildFile; fileRef = BD206E231C863BBC001A409A /* ViewController.swift */; };
		BD206E271C863BBC001A409A /* Main.storyboard in Resources */ = {isa = PBXBuildFile; fileRef = BD206E251C863BBC001A409A /* Main.storyboard */; };
		BD206E2A1C863BBC001A409A /* Bartendr.xcdatamodeld in Sources */ = {isa = PBXBuildFile; fileRef = BD206E281C863BBC001A409A /* Bartendr.xcdatamodeld */; };
		BD206E2C1C863BBD001A409A /* Assets.xcassets in Resources */ = {isa = PBXBuildFile; fileRef = BD206E2B1C863BBD001A409A /* Assets.xcassets */; };
		BD206E2F1C863BBD001A409A /* LaunchScreen.storyboard in Resources */ = {isa = PBXBuildFile; fileRef = BD206E2D1C863BBD001A409A /* LaunchScreen.storyboard */; };
		BD206E3A1C8649DD001A409A /* Drink.swift in Sources */ = {isa = PBXBuildFile; fileRef = BD206E391C8649DD001A409A /* Drink.swift */; };
		BD206E3C1C864B81001A409A /* Ingredient.swift in Sources */ = {isa = PBXBuildFile; fileRef = BD206E3B1C864B81001A409A /* Ingredient.swift */; };
		BD206E3E1C864C00001A409A /* ApiClient.swift in Sources */ = {isa = PBXBuildFile; fileRef = BD206E3D1C864C00001A409A /* ApiClient.swift */; };
		E4A038531C8FCD3200889EE2 /* DrinkCell.swift in Sources */ = {isa = PBXBuildFile; fileRef = E4A038521C8FCD3200889EE2 /* DrinkCell.swift */; };
		E4C2CA341C90FBE700CE0C3C /* CustomSearchController.swift in Sources */ = {isa = PBXBuildFile; fileRef = E4C2CA331C90FBE700CE0C3C /* CustomSearchController.swift */; };
		E4C2CA361C90FC8F00CE0C3C /* CustomSearchBar.swift in Sources */ = {isa = PBXBuildFile; fileRef = E4C2CA351C90FC8F00CE0C3C /* CustomSearchBar.swift */; };
		E4D0D4191C8F876800F5357C /* TabBar.storyboard in Resources */ = {isa = PBXBuildFile; fileRef = E4D0D4181C8F876800F5357C /* TabBar.storyboard */; };
		E4D0D41B1C8F87F800F5357C /* Recipes.storyboard in Resources */ = {isa = PBXBuildFile; fileRef = E4D0D41A1C8F87F800F5357C /* Recipes.storyboard */; };
		E4D0D41E1C8F8FD500F5357C /* RecipesViewController.swift in Sources */ = {isa = PBXBuildFile; fileRef = E4D0D41D1C8F8FD500F5357C /* RecipesViewController.swift */; };
/* End PBXBuildFile section */

/* Begin PBXFileReference section */
		75ACD1FC1C8E097300068E74 /* Keys.plist */ = {isa = PBXFileReference; fileEncoding = 4; lastKnownFileType = text.plist.xml; path = Keys.plist; sourceTree = "<group>"; };
		BD206E1E1C863BBC001A409A /* Bartendr.app */ = {isa = PBXFileReference; explicitFileType = wrapper.application; includeInIndex = 0; path = Bartendr.app; sourceTree = BUILT_PRODUCTS_DIR; };
		BD206E211C863BBC001A409A /* AppDelegate.swift */ = {isa = PBXFileReference; lastKnownFileType = sourcecode.swift; path = AppDelegate.swift; sourceTree = "<group>"; };
		BD206E231C863BBC001A409A /* ViewController.swift */ = {isa = PBXFileReference; lastKnownFileType = sourcecode.swift; path = ViewController.swift; sourceTree = "<group>"; };
		BD206E261C863BBC001A409A /* Base */ = {isa = PBXFileReference; lastKnownFileType = file.storyboard; name = Base; path = Base.lproj/Main.storyboard; sourceTree = "<group>"; };
		BD206E291C863BBC001A409A /* Bartendr.xcdatamodel */ = {isa = PBXFileReference; lastKnownFileType = wrapper.xcdatamodel; path = Bartendr.xcdatamodel; sourceTree = "<group>"; };
		BD206E2B1C863BBD001A409A /* Assets.xcassets */ = {isa = PBXFileReference; lastKnownFileType = folder.assetcatalog; path = Assets.xcassets; sourceTree = "<group>"; };
		BD206E2E1C863BBD001A409A /* Base */ = {isa = PBXFileReference; lastKnownFileType = file.storyboard; name = Base; path = Base.lproj/LaunchScreen.storyboard; sourceTree = "<group>"; };
		BD206E301C863BBD001A409A /* Info.plist */ = {isa = PBXFileReference; lastKnownFileType = text.plist.xml; path = Info.plist; sourceTree = "<group>"; };
		BD206E391C8649DD001A409A /* Drink.swift */ = {isa = PBXFileReference; fileEncoding = 4; lastKnownFileType = sourcecode.swift; path = Drink.swift; sourceTree = "<group>"; };
		BD206E3B1C864B81001A409A /* Ingredient.swift */ = {isa = PBXFileReference; fileEncoding = 4; lastKnownFileType = sourcecode.swift; path = Ingredient.swift; sourceTree = "<group>"; };
		BD206E3D1C864C00001A409A /* ApiClient.swift */ = {isa = PBXFileReference; fileEncoding = 4; lastKnownFileType = sourcecode.swift; path = ApiClient.swift; sourceTree = "<group>"; };
		CB5F929BA0DEFA6140B442BE /* Pods_Bartendr.framework */ = {isa = PBXFileReference; explicitFileType = wrapper.framework; includeInIndex = 0; path = Pods_Bartendr.framework; sourceTree = BUILT_PRODUCTS_DIR; };
		DC989D379955EB429FBC15DA /* Pods-Bartendr.debug.xcconfig */ = {isa = PBXFileReference; includeInIndex = 1; lastKnownFileType = text.xcconfig; name = "Pods-Bartendr.debug.xcconfig"; path = "Pods/Target Support Files/Pods-Bartendr/Pods-Bartendr.debug.xcconfig"; sourceTree = "<group>"; };
		E4A038521C8FCD3200889EE2 /* DrinkCell.swift */ = {isa = PBXFileReference; fileEncoding = 4; lastKnownFileType = sourcecode.swift; path = DrinkCell.swift; sourceTree = "<group>"; };
		E4C2CA331C90FBE700CE0C3C /* CustomSearchController.swift */ = {isa = PBXFileReference; fileEncoding = 4; lastKnownFileType = sourcecode.swift; path = CustomSearchController.swift; sourceTree = "<group>"; };
		E4C2CA351C90FC8F00CE0C3C /* CustomSearchBar.swift */ = {isa = PBXFileReference; fileEncoding = 4; lastKnownFileType = sourcecode.swift; path = CustomSearchBar.swift; sourceTree = "<group>"; };
		E4D0D4181C8F876800F5357C /* TabBar.storyboard */ = {isa = PBXFileReference; fileEncoding = 4; lastKnownFileType = file.storyboard; path = TabBar.storyboard; sourceTree = "<group>"; };
		E4D0D41A1C8F87F800F5357C /* Recipes.storyboard */ = {isa = PBXFileReference; fileEncoding = 4; lastKnownFileType = file.storyboard; path = Recipes.storyboard; sourceTree = "<group>"; };
		E4D0D41D1C8F8FD500F5357C /* RecipesViewController.swift */ = {isa = PBXFileReference; fileEncoding = 4; lastKnownFileType = sourcecode.swift; path = RecipesViewController.swift; sourceTree = "<group>"; };
		F4D4099DDDD81E5BB3871FE1 /* Pods-Bartendr.release.xcconfig */ = {isa = PBXFileReference; includeInIndex = 1; lastKnownFileType = text.xcconfig; name = "Pods-Bartendr.release.xcconfig"; path = "Pods/Target Support Files/Pods-Bartendr/Pods-Bartendr.release.xcconfig"; sourceTree = "<group>"; };
/* End PBXFileReference section */

/* Begin PBXFrameworksBuildPhase section */
		BD206E1B1C863BBC001A409A /* Frameworks */ = {
			isa = PBXFrameworksBuildPhase;
			buildActionMask = 2147483647;
			files = (
				581EA9D3020CFA5B230F18A2 /* Pods_Bartendr.framework in Frameworks */,
			);
			runOnlyForDeploymentPostprocessing = 0;
		};
/* End PBXFrameworksBuildPhase section */

/* Begin PBXGroup section */
		47C03737BAEF136749261C49 /* Pods */ = {
			isa = PBXGroup;
			children = (
				DC989D379955EB429FBC15DA /* Pods-Bartendr.debug.xcconfig */,
				F4D4099DDDD81E5BB3871FE1 /* Pods-Bartendr.release.xcconfig */,
			);
			name = Pods;
			sourceTree = "<group>";
		};
		BAFDB002500D09DCE28698B3 /* Frameworks */ = {
			isa = PBXGroup;
			children = (
				CB5F929BA0DEFA6140B442BE /* Pods_Bartendr.framework */,
			);
			name = Frameworks;
			sourceTree = "<group>";
		};
		BD206E151C863BBC001A409A = {
			isa = PBXGroup;
			children = (
				BD206E201C863BBC001A409A /* Bartendr */,
				BD206E1F1C863BBC001A409A /* Products */,
				47C03737BAEF136749261C49 /* Pods */,
				BAFDB002500D09DCE28698B3 /* Frameworks */,
			);
			sourceTree = "<group>";
		};
		BD206E1F1C863BBC001A409A /* Products */ = {
			isa = PBXGroup;
			children = (
				BD206E1E1C863BBC001A409A /* Bartendr.app */,
			);
			name = Products;
			sourceTree = "<group>";
		};
		BD206E201C863BBC001A409A /* Bartendr */ = {
			isa = PBXGroup;
			children = (
				BD206E3D1C864C00001A409A /* ApiClient.swift */,
				BD206E381C8649B3001A409A /* Controllers */,
				E4D0D41C1C8F887800F5357C /* Brian */,
				BD206E371C8649AC001A409A /* Views */,
				BD206E361C86499F001A409A /* Models */,
				BD206E211C863BBC001A409A /* AppDelegate.swift */,
				BD206E2B1C863BBD001A409A /* Assets.xcassets */,
				BD206E2D1C863BBD001A409A /* LaunchScreen.storyboard */,
				BD206E301C863BBD001A409A /* Info.plist */,
				BD206E281C863BBC001A409A /* Bartendr.xcdatamodeld */,
				75ACD1FC1C8E097300068E74 /* Keys.plist */,
			);
			path = Bartendr;
			sourceTree = "<group>";
		};
		BD206E361C86499F001A409A /* Models */ = {
			isa = PBXGroup;
			children = (
				BD206E391C8649DD001A409A /* Drink.swift */,
				BD206E3B1C864B81001A409A /* Ingredient.swift */,
			);
			name = Models;
			sourceTree = "<group>";
		};
		BD206E371C8649AC001A409A /* Views */ = {
			isa = PBXGroup;
			children = (
				E4A038511C8FCD1800889EE2 /* Don't Touch */,
				E4A038521C8FCD3200889EE2 /* DrinkCell.swift */,
				E4C2CA351C90FC8F00CE0C3C /* CustomSearchBar.swift */,
			);
			name = Views;
			sourceTree = "<group>";
		};
		BD206E381C8649B3001A409A /* Controllers */ = {
			isa = PBXGroup;
			children = (
				BD206E231C863BBC001A409A /* ViewController.swift */,
				E4D0D41D1C8F8FD500F5357C /* RecipesViewController.swift */,
				E4C2CA331C90FBE700CE0C3C /* CustomSearchController.swift */,
			);
			name = Controllers;
			sourceTree = "<group>";
		};
		E4A038511C8FCD1800889EE2 /* Don't Touch */ = {
			isa = PBXGroup;
			children = (
				BD206E251C863BBC001A409A /* Main.storyboard */,
			);
			name = "Don't Touch";
			sourceTree = "<group>";
		};
		E4D0D41C1C8F887800F5357C /* Brian */ = {
			isa = PBXGroup;
			children = (
				E4D0D4181C8F876800F5357C /* TabBar.storyboard */,
				E4D0D41A1C8F87F800F5357C /* Recipes.storyboard */,
			);
			name = Brian;
			sourceTree = "<group>";
		};
/* End PBXGroup section */

/* Begin PBXNativeTarget section */
		BD206E1D1C863BBC001A409A /* Bartendr */ = {
			isa = PBXNativeTarget;
			buildConfigurationList = BD206E331C863BBD001A409A /* Build configuration list for PBXNativeTarget "Bartendr" */;
			buildPhases = (
				E7F2CE6E705E13508A582FE2 /* Check Pods Manifest.lock */,
				BD206E1A1C863BBC001A409A /* Sources */,
				BD206E1B1C863BBC001A409A /* Frameworks */,
				BD206E1C1C863BBC001A409A /* Resources */,
				AA47FCD6FB3847B5AA4A4CFD /* Embed Pods Frameworks */,
				D5D6CE9CC48442E525FDC2C7 /* Copy Pods Resources */,
			);
			buildRules = (
			);
			dependencies = (
			);
			name = Bartendr;
			productName = Bartendr;
			productReference = BD206E1E1C863BBC001A409A /* Bartendr.app */;
			productType = "com.apple.product-type.application";
		};
/* End PBXNativeTarget section */

/* Begin PBXProject section */
		BD206E161C863BBC001A409A /* Project object */ = {
			isa = PBXProject;
			attributes = {
				LastSwiftUpdateCheck = 0720;
				LastUpgradeCheck = 0720;
				ORGANIZATIONNAME = Bartendr;
				TargetAttributes = {
					BD206E1D1C863BBC001A409A = {
						CreatedOnToolsVersion = 7.2;
					};
				};
			};
			buildConfigurationList = BD206E191C863BBC001A409A /* Build configuration list for PBXProject "Bartendr" */;
			compatibilityVersion = "Xcode 3.2";
			developmentRegion = English;
			hasScannedForEncodings = 0;
			knownRegions = (
				en,
				Base,
			);
			mainGroup = BD206E151C863BBC001A409A;
			productRefGroup = BD206E1F1C863BBC001A409A /* Products */;
			projectDirPath = "";
			projectRoot = "";
			targets = (
				BD206E1D1C863BBC001A409A /* Bartendr */,
			);
		};
/* End PBXProject section */

/* Begin PBXResourcesBuildPhase section */
		BD206E1C1C863BBC001A409A /* Resources */ = {
			isa = PBXResourcesBuildPhase;
			buildActionMask = 2147483647;
			files = (
				75ACD1FD1C8E097300068E74 /* Keys.plist in Resources */,
				BD206E2F1C863BBD001A409A /* LaunchScreen.storyboard in Resources */,
				BD206E2C1C863BBD001A409A /* Assets.xcassets in Resources */,
				BD206E271C863BBC001A409A /* Main.storyboard in Resources */,
				E4D0D41B1C8F87F800F5357C /* Recipes.storyboard in Resources */,
				E4D0D4191C8F876800F5357C /* TabBar.storyboard in Resources */,
			);
			runOnlyForDeploymentPostprocessing = 0;
		};
/* End PBXResourcesBuildPhase section */

/* Begin PBXShellScriptBuildPhase section */
		AA47FCD6FB3847B5AA4A4CFD /* Embed Pods Frameworks */ = {
			isa = PBXShellScriptBuildPhase;
			buildActionMask = 2147483647;
			files = (
			);
			inputPaths = (
			);
			name = "Embed Pods Frameworks";
			outputPaths = (
			);
			runOnlyForDeploymentPostprocessing = 0;
			shellPath = /bin/sh;
			shellScript = "\"${SRCROOT}/Pods/Target Support Files/Pods-Bartendr/Pods-Bartendr-frameworks.sh\"\n";
			showEnvVarsInLog = 0;
		};
		D5D6CE9CC48442E525FDC2C7 /* Copy Pods Resources */ = {
			isa = PBXShellScriptBuildPhase;
			buildActionMask = 2147483647;
			files = (
			);
			inputPaths = (
			);
			name = "Copy Pods Resources";
			outputPaths = (
			);
			runOnlyForDeploymentPostprocessing = 0;
			shellPath = /bin/sh;
			shellScript = "\"${SRCROOT}/Pods/Target Support Files/Pods-Bartendr/Pods-Bartendr-resources.sh\"\n";
			showEnvVarsInLog = 0;
		};
		E7F2CE6E705E13508A582FE2 /* Check Pods Manifest.lock */ = {
			isa = PBXShellScriptBuildPhase;
			buildActionMask = 2147483647;
			files = (
			);
			inputPaths = (
			);
			name = "Check Pods Manifest.lock";
			outputPaths = (
			);
			runOnlyForDeploymentPostprocessing = 0;
			shellPath = /bin/sh;
			shellScript = "diff \"${PODS_ROOT}/../Podfile.lock\" \"${PODS_ROOT}/Manifest.lock\" > /dev/null\nif [[ $? != 0 ]] ; then\n    cat << EOM\nerror: The sandbox is not in sync with the Podfile.lock. Run 'pod install' or update your CocoaPods installation.\nEOM\n    exit 1\nfi\n";
			showEnvVarsInLog = 0;
		};
/* End PBXShellScriptBuildPhase section */

/* Begin PBXSourcesBuildPhase section */
		BD206E1A1C863BBC001A409A /* Sources */ = {
			isa = PBXSourcesBuildPhase;
			buildActionMask = 2147483647;
			files = (
				BD206E241C863BBC001A409A /* ViewController.swift in Sources */,
				E4D0D41E1C8F8FD500F5357C /* RecipesViewController.swift in Sources */,
				E4C2CA361C90FC8F00CE0C3C /* CustomSearchBar.swift in Sources */,
				E4A038531C8FCD3200889EE2 /* DrinkCell.swift in Sources */,
				BD206E2A1C863BBC001A409A /* Bartendr.xcdatamodeld in Sources */,
				BD206E3C1C864B81001A409A /* Ingredient.swift in Sources */,
				BD206E3A1C8649DD001A409A /* Drink.swift in Sources */,
				E4C2CA341C90FBE700CE0C3C /* CustomSearchController.swift in Sources */,
				BD206E221C863BBC001A409A /* AppDelegate.swift in Sources */,
				BD206E3E1C864C00001A409A /* ApiClient.swift in Sources */,
			);
			runOnlyForDeploymentPostprocessing = 0;
		};
/* End PBXSourcesBuildPhase section */

/* Begin PBXVariantGroup section */
		BD206E251C863BBC001A409A /* Main.storyboard */ = {
			isa = PBXVariantGroup;
			children = (
				BD206E261C863BBC001A409A /* Base */,
			);
			name = Main.storyboard;
			sourceTree = "<group>";
		};
		BD206E2D1C863BBD001A409A /* LaunchScreen.storyboard */ = {
			isa = PBXVariantGroup;
			children = (
				BD206E2E1C863BBD001A409A /* Base */,
			);
			name = LaunchScreen.storyboard;
			sourceTree = "<group>";
		};
/* End PBXVariantGroup section */

/* Begin XCBuildConfiguration section */
		BD206E311C863BBD001A409A /* Debug */ = {
			isa = XCBuildConfiguration;
			buildSettings = {
				ALWAYS_SEARCH_USER_PATHS = NO;
				CLANG_CXX_LANGUAGE_STANDARD = "gnu++0x";
				CLANG_CXX_LIBRARY = "libc++";
				CLANG_ENABLE_MODULES = YES;
				CLANG_ENABLE_OBJC_ARC = YES;
				CLANG_WARN_BOOL_CONVERSION = YES;
				CLANG_WARN_CONSTANT_CONVERSION = YES;
				CLANG_WARN_DIRECT_OBJC_ISA_USAGE = YES_ERROR;
				CLANG_WARN_EMPTY_BODY = YES;
				CLANG_WARN_ENUM_CONVERSION = YES;
				CLANG_WARN_INT_CONVERSION = YES;
				CLANG_WARN_OBJC_ROOT_CLASS = YES_ERROR;
				CLANG_WARN_UNREACHABLE_CODE = YES;
				CLANG_WARN__DUPLICATE_METHOD_MATCH = YES;
				"CODE_SIGN_IDENTITY[sdk=iphoneos*]" = "iPhone Developer";
				COPY_PHASE_STRIP = NO;
				DEBUG_INFORMATION_FORMAT = dwarf;
				ENABLE_STRICT_OBJC_MSGSEND = YES;
				ENABLE_TESTABILITY = YES;
				GCC_C_LANGUAGE_STANDARD = gnu99;
				GCC_DYNAMIC_NO_PIC = NO;
				GCC_NO_COMMON_BLOCKS = YES;
				GCC_OPTIMIZATION_LEVEL = 0;
				GCC_PREPROCESSOR_DEFINITIONS = (
					"DEBUG=1",
					"$(inherited)",
				);
				GCC_WARN_64_TO_32_BIT_CONVERSION = YES;
				GCC_WARN_ABOUT_RETURN_TYPE = YES_ERROR;
				GCC_WARN_UNDECLARED_SELECTOR = YES;
				GCC_WARN_UNINITIALIZED_AUTOS = YES_AGGRESSIVE;
				GCC_WARN_UNUSED_FUNCTION = YES;
				GCC_WARN_UNUSED_VARIABLE = YES;
				IPHONEOS_DEPLOYMENT_TARGET = 9.2;
				MTL_ENABLE_DEBUG_INFO = YES;
				ONLY_ACTIVE_ARCH = YES;
				SDKROOT = iphoneos;
				SWIFT_OPTIMIZATION_LEVEL = "-Onone";
			};
			name = Debug;
		};
		BD206E321C863BBD001A409A /* Release */ = {
			isa = XCBuildConfiguration;
			buildSettings = {
				ALWAYS_SEARCH_USER_PATHS = NO;
				CLANG_CXX_LANGUAGE_STANDARD = "gnu++0x";
				CLANG_CXX_LIBRARY = "libc++";
				CLANG_ENABLE_MODULES = YES;
				CLANG_ENABLE_OBJC_ARC = YES;
				CLANG_WARN_BOOL_CONVERSION = YES;
				CLANG_WARN_CONSTANT_CONVERSION = YES;
				CLANG_WARN_DIRECT_OBJC_ISA_USAGE = YES_ERROR;
				CLANG_WARN_EMPTY_BODY = YES;
				CLANG_WARN_ENUM_CONVERSION = YES;
				CLANG_WARN_INT_CONVERSION = YES;
				CLANG_WARN_OBJC_ROOT_CLASS = YES_ERROR;
				CLANG_WARN_UNREACHABLE_CODE = YES;
				CLANG_WARN__DUPLICATE_METHOD_MATCH = YES;
				"CODE_SIGN_IDENTITY[sdk=iphoneos*]" = "iPhone Developer";
				COPY_PHASE_STRIP = NO;
				DEBUG_INFORMATION_FORMAT = "dwarf-with-dsym";
				ENABLE_NS_ASSERTIONS = NO;
				ENABLE_STRICT_OBJC_MSGSEND = YES;
				GCC_C_LANGUAGE_STANDARD = gnu99;
				GCC_NO_COMMON_BLOCKS = YES;
				GCC_WARN_64_TO_32_BIT_CONVERSION = YES;
				GCC_WARN_ABOUT_RETURN_TYPE = YES_ERROR;
				GCC_WARN_UNDECLARED_SELECTOR = YES;
				GCC_WARN_UNINITIALIZED_AUTOS = YES_AGGRESSIVE;
				GCC_WARN_UNUSED_FUNCTION = YES;
				GCC_WARN_UNUSED_VARIABLE = YES;
				IPHONEOS_DEPLOYMENT_TARGET = 9.2;
				MTL_ENABLE_DEBUG_INFO = NO;
				SDKROOT = iphoneos;
				VALIDATE_PRODUCT = YES;
			};
			name = Release;
		};
		BD206E341C863BBD001A409A /* Debug */ = {
			isa = XCBuildConfiguration;
			baseConfigurationReference = DC989D379955EB429FBC15DA /* Pods-Bartendr.debug.xcconfig */;
			buildSettings = {
				ASSETCATALOG_COMPILER_APPICON_NAME = AppIcon;
				INFOPLIST_FILE = Bartendr/Info.plist;
				LD_RUNPATH_SEARCH_PATHS = "$(inherited) @executable_path/Frameworks";
				PRODUCT_BUNDLE_IDENTIFIER = com.martykausas.Bartendr;
				PRODUCT_NAME = "$(TARGET_NAME)";
			};
			name = Debug;
		};
		BD206E351C863BBD001A409A /* Release */ = {
			isa = XCBuildConfiguration;
			baseConfigurationReference = F4D4099DDDD81E5BB3871FE1 /* Pods-Bartendr.release.xcconfig */;
			buildSettings = {
				ASSETCATALOG_COMPILER_APPICON_NAME = AppIcon;
				INFOPLIST_FILE = Bartendr/Info.plist;
				LD_RUNPATH_SEARCH_PATHS = "$(inherited) @executable_path/Frameworks";
				PRODUCT_BUNDLE_IDENTIFIER = com.martykausas.Bartendr;
				PRODUCT_NAME = "$(TARGET_NAME)";
			};
			name = Release;
		};
/* End XCBuildConfiguration section */

/* Begin XCConfigurationList section */
		BD206E191C863BBC001A409A /* Build configuration list for PBXProject "Bartendr" */ = {
			isa = XCConfigurationList;
			buildConfigurations = (
				BD206E311C863BBD001A409A /* Debug */,
				BD206E321C863BBD001A409A /* Release */,
			);
			defaultConfigurationIsVisible = 0;
			defaultConfigurationName = Release;
		};
		BD206E331C863BBD001A409A /* Build configuration list for PBXNativeTarget "Bartendr" */ = {
			isa = XCConfigurationList;
			buildConfigurations = (
				BD206E341C863BBD001A409A /* Debug */,
				BD206E351C863BBD001A409A /* Release */,
			);
			defaultConfigurationIsVisible = 0;
			defaultConfigurationName = Release;
		};
/* End XCConfigurationList section */

/* Begin XCVersionGroup section */
		BD206E281C863BBC001A409A /* Bartendr.xcdatamodeld */ = {
			isa = XCVersionGroup;
			children = (
				BD206E291C863BBC001A409A /* Bartendr.xcdatamodel */,
			);
			currentVersion = BD206E291C863BBC001A409A /* Bartendr.xcdatamodel */;
			path = Bartendr.xcdatamodeld;
			sourceTree = "<group>";
			versionGroupType = wrapper.xcdatamodel;
		};
/* End XCVersionGroup section */
	};
	rootObject = BD206E161C863BBC001A409A /* Project object */;
}
